// !$*UTF8*$!
{
	archiveVersion = 1;
	classes = {
	};
	objectVersion = 53;
	objects = {

/* Begin PBXBuildFile section */
		8E4F9260249AFCDF00959360 /* Sentry in Frameworks */ = {isa = PBXBuildFile; productRef = 8E4F925F249AFCDF00959360 /* Sentry */; };
		8E4F9262249B057C00959360 /* FileManager.swift in Sources */ = {isa = PBXBuildFile; fileRef = 8E4F9261249B057C00959360 /* FileManager.swift */; };
		8EB08C30249A8ADB00CF0FE3 /* TaskListTests.swift in Sources */ = {isa = PBXBuildFile; fileRef = 8EB08C2F249A8ADB00CF0FE3 /* TaskListTests.swift */; };
		8EB08C3B249A8ADB00CF0FE3 /* TaskListUITests.swift in Sources */ = {isa = PBXBuildFile; fileRef = 8EB08C3A249A8ADB00CF0FE3 /* TaskListUITests.swift */; };
		8EB08C67249A8BA500CF0FE3 /* AppDelegate.swift in Sources */ = {isa = PBXBuildFile; fileRef = 8EB08C48249A8BA500CF0FE3 /* AppDelegate.swift */; };
		8EB08C68249A8BA500CF0FE3 /* LaunchScreen.storyboard in Resources */ = {isa = PBXBuildFile; fileRef = 8EB08C4A249A8BA500CF0FE3 /* LaunchScreen.storyboard */; };
		8EB08C69249A8BA500CF0FE3 /* SectionView.swift in Sources */ = {isa = PBXBuildFile; fileRef = 8EB08C4D249A8BA500CF0FE3 /* SectionView.swift */; };
		8EB08C6A249A8BA500CF0FE3 /* TaskEditingView.swift in Sources */ = {isa = PBXBuildFile; fileRef = 8EB08C4E249A8BA500CF0FE3 /* TaskEditingView.swift */; };
		8EB08C6B249A8BA500CF0FE3 /* RowView.swift in Sources */ = {isa = PBXBuildFile; fileRef = 8EB08C4F249A8BA500CF0FE3 /* RowView.swift */; };
		8EB08C6C249A8BA500CF0FE3 /* NewTaskView.swift in Sources */ = {isa = PBXBuildFile; fileRef = 8EB08C50249A8BA500CF0FE3 /* NewTaskView.swift */; };
		8EB08C6D249A8BA500CF0FE3 /* ContentView.swift in Sources */ = {isa = PBXBuildFile; fileRef = 8EB08C51249A8BA500CF0FE3 /* ContentView.swift */; };
		8EB08C6E249A8BA500CF0FE3 /* TaskStore.PrioritizedTasks.swift in Sources */ = {isa = PBXBuildFile; fileRef = 8EB08C53249A8BA500CF0FE3 /* TaskStore.PrioritizedTasks.swift */; };
		8EB08C6F249A8BA500CF0FE3 /* Task.swift in Sources */ = {isa = PBXBuildFile; fileRef = 8EB08C54249A8BA500CF0FE3 /* Task.swift */; };
		8EB08C70249A8BA500CF0FE3 /* TaskStore.swift in Sources */ = {isa = PBXBuildFile; fileRef = 8EB08C55249A8BA500CF0FE3 /* TaskStore.swift */; };
		8EB08C71249A8BA500CF0FE3 /* Task.Priority.swift in Sources */ = {isa = PBXBuildFile; fileRef = 8EB08C56249A8BA500CF0FE3 /* Task.Priority.swift */; };
		8EB08C73249A8BA500CF0FE3 /* IndexedCollection.swift in Sources */ = {isa = PBXBuildFile; fileRef = 8EB08C59249A8BA500CF0FE3 /* IndexedCollection.swift */; };
		8EB08C74249A8BA500CF0FE3 /* Binding.swift in Sources */ = {isa = PBXBuildFile; fileRef = 8EB08C5A249A8BA500CF0FE3 /* Binding.swift */; };
		8EB08C75249A8BA500CF0FE3 /* ForEach.swift in Sources */ = {isa = PBXBuildFile; fileRef = 8EB08C5B249A8BA500CF0FE3 /* ForEach.swift */; };
		8EB08C76249A8BA500CF0FE3 /* PrioritizedTask.json in Resources */ = {isa = PBXBuildFile; fileRef = 8EB08C5D249A8BA500CF0FE3 /* PrioritizedTask.json */; };
		8EB08C77249A8BA500CF0FE3 /* PrioritizedTasks.json in Resources */ = {isa = PBXBuildFile; fileRef = 8EB08C5E249A8BA500CF0FE3 /* PrioritizedTasks.json */; };
		8EB08C78249A8BA500CF0FE3 /* Task.json in Resources */ = {isa = PBXBuildFile; fileRef = 8EB08C5F249A8BA500CF0FE3 /* Task.json */; };
		8EB08C7A249A8BA500CF0FE3 /* Tasks.json in Resources */ = {isa = PBXBuildFile; fileRef = 8EB08C61249A8BA500CF0FE3 /* Tasks.json */; };
		8EB08C7B249A8BA500CF0FE3 /* SceneDelegate.swift in Sources */ = {isa = PBXBuildFile; fileRef = 8EB08C62249A8BA500CF0FE3 /* SceneDelegate.swift */; };
		8EB08C7C249A8BA500CF0FE3 /* Preview Assets.xcassets in Resources */ = {isa = PBXBuildFile; fileRef = 8EB08C64249A8BA500CF0FE3 /* Preview Assets.xcassets */; };
		8EB08C7E249A8BA500CF0FE3 /* Assets.xcassets in Resources */ = {isa = PBXBuildFile; fileRef = 8EB08C66249A8BA500CF0FE3 /* Assets.xcassets */; };
/* End PBXBuildFile section */

/* Begin PBXContainerItemProxy section */
		8EB08C2C249A8ADB00CF0FE3 /* PBXContainerItemProxy */ = {
			isa = PBXContainerItemProxy;
			containerPortal = 8EB08C0D249A8AD900CF0FE3 /* Project object */;
			proxyType = 1;
			remoteGlobalIDString = 8EB08C14249A8AD900CF0FE3;
			remoteInfo = TaskList;
		};
		8EB08C37249A8ADB00CF0FE3 /* PBXContainerItemProxy */ = {
			isa = PBXContainerItemProxy;
			containerPortal = 8EB08C0D249A8AD900CF0FE3 /* Project object */;
			proxyType = 1;
			remoteGlobalIDString = 8EB08C14249A8AD900CF0FE3;
			remoteInfo = TaskList;
		};
/* End PBXContainerItemProxy section */

/* Begin PBXFileReference section */
		8E4F9261249B057C00959360 /* FileManager.swift */ = {isa = PBXFileReference; lastKnownFileType = sourcecode.swift; path = FileManager.swift; sourceTree = "<group>"; };
		8EB08C15249A8AD900CF0FE3 /* TaskList.app */ = {isa = PBXFileReference; explicitFileType = wrapper.application; includeInIndex = 0; path = TaskList.app; sourceTree = BUILT_PRODUCTS_DIR; };
		8EB08C2B249A8ADB00CF0FE3 /* TaskListTests.xctest */ = {isa = PBXFileReference; explicitFileType = wrapper.cfbundle; includeInIndex = 0; path = TaskListTests.xctest; sourceTree = BUILT_PRODUCTS_DIR; };
		8EB08C2F249A8ADB00CF0FE3 /* TaskListTests.swift */ = {isa = PBXFileReference; lastKnownFileType = sourcecode.swift; path = TaskListTests.swift; sourceTree = "<group>"; };
		8EB08C31249A8ADB00CF0FE3 /* Info.plist */ = {isa = PBXFileReference; lastKnownFileType = text.plist.xml; path = Info.plist; sourceTree = "<group>"; };
		8EB08C36249A8ADB00CF0FE3 /* TaskListUITests.xctest */ = {isa = PBXFileReference; explicitFileType = wrapper.cfbundle; includeInIndex = 0; path = TaskListUITests.xctest; sourceTree = BUILT_PRODUCTS_DIR; };
		8EB08C3A249A8ADB00CF0FE3 /* TaskListUITests.swift */ = {isa = PBXFileReference; lastKnownFileType = sourcecode.swift; path = TaskListUITests.swift; sourceTree = "<group>"; };
		8EB08C3C249A8ADB00CF0FE3 /* Info.plist */ = {isa = PBXFileReference; lastKnownFileType = text.plist.xml; path = Info.plist; sourceTree = "<group>"; };
		8EB08C48249A8BA500CF0FE3 /* AppDelegate.swift */ = {isa = PBXFileReference; fileEncoding = 4; lastKnownFileType = sourcecode.swift; path = AppDelegate.swift; sourceTree = "<group>"; };
		8EB08C4B249A8BA500CF0FE3 /* Base */ = {isa = PBXFileReference; lastKnownFileType = file.storyboard; name = Base; path = LaunchScreen.storyboard; sourceTree = "<group>"; };
		8EB08C4D249A8BA500CF0FE3 /* SectionView.swift */ = {isa = PBXFileReference; fileEncoding = 4; lastKnownFileType = sourcecode.swift; path = SectionView.swift; sourceTree = "<group>"; };
		8EB08C4E249A8BA500CF0FE3 /* TaskEditingView.swift */ = {isa = PBXFileReference; fileEncoding = 4; lastKnownFileType = sourcecode.swift; path = TaskEditingView.swift; sourceTree = "<group>"; };
		8EB08C4F249A8BA500CF0FE3 /* RowView.swift */ = {isa = PBXFileReference; fileEncoding = 4; lastKnownFileType = sourcecode.swift; path = RowView.swift; sourceTree = "<group>"; };
		8EB08C50249A8BA500CF0FE3 /* NewTaskView.swift */ = {isa = PBXFileReference; fileEncoding = 4; lastKnownFileType = sourcecode.swift; path = NewTaskView.swift; sourceTree = "<group>"; };
		8EB08C51249A8BA500CF0FE3 /* ContentView.swift */ = {isa = PBXFileReference; fileEncoding = 4; lastKnownFileType = sourcecode.swift; path = ContentView.swift; sourceTree = "<group>"; };
		8EB08C53249A8BA500CF0FE3 /* TaskStore.PrioritizedTasks.swift */ = {isa = PBXFileReference; fileEncoding = 4; lastKnownFileType = sourcecode.swift; path = TaskStore.PrioritizedTasks.swift; sourceTree = "<group>"; };
		8EB08C54249A8BA500CF0FE3 /* Task.swift */ = {isa = PBXFileReference; fileEncoding = 4; lastKnownFileType = sourcecode.swift; path = Task.swift; sourceTree = "<group>"; };
		8EB08C55249A8BA500CF0FE3 /* TaskStore.swift */ = {isa = PBXFileReference; fileEncoding = 4; lastKnownFileType = sourcecode.swift; path = TaskStore.swift; sourceTree = "<group>"; };
		8EB08C56249A8BA500CF0FE3 /* Task.Priority.swift */ = {isa = PBXFileReference; fileEncoding = 4; lastKnownFileType = sourcecode.swift; path = Task.Priority.swift; sourceTree = "<group>"; };
		8EB08C57249A8BA500CF0FE3 /* Info.plist */ = {isa = PBXFileReference; fileEncoding = 4; lastKnownFileType = text.plist.xml; path = Info.plist; sourceTree = "<group>"; };
		8EB08C59249A8BA500CF0FE3 /* IndexedCollection.swift */ = {isa = PBXFileReference; fileEncoding = 4; lastKnownFileType = sourcecode.swift; path = IndexedCollection.swift; sourceTree = "<group>"; };
		8EB08C5A249A8BA500CF0FE3 /* Binding.swift */ = {isa = PBXFileReference; fileEncoding = 4; lastKnownFileType = sourcecode.swift; path = Binding.swift; sourceTree = "<group>"; };
		8EB08C5B249A8BA500CF0FE3 /* ForEach.swift */ = {isa = PBXFileReference; fileEncoding = 4; lastKnownFileType = sourcecode.swift; path = ForEach.swift; sourceTree = "<group>"; };
		8EB08C5D249A8BA500CF0FE3 /* PrioritizedTask.json */ = {isa = PBXFileReference; fileEncoding = 4; lastKnownFileType = text.json; path = PrioritizedTask.json; sourceTree = "<group>"; };
		8EB08C5E249A8BA500CF0FE3 /* PrioritizedTasks.json */ = {isa = PBXFileReference; fileEncoding = 4; lastKnownFileType = text.json; path = PrioritizedTasks.json; sourceTree = "<group>"; };
		8EB08C5F249A8BA500CF0FE3 /* Task.json */ = {isa = PBXFileReference; fileEncoding = 4; lastKnownFileType = text.json; path = Task.json; sourceTree = "<group>"; };
		8EB08C61249A8BA500CF0FE3 /* Tasks.json */ = {isa = PBXFileReference; fileEncoding = 4; lastKnownFileType = text.json; path = Tasks.json; sourceTree = "<group>"; };
		8EB08C62249A8BA500CF0FE3 /* SceneDelegate.swift */ = {isa = PBXFileReference; fileEncoding = 4; lastKnownFileType = sourcecode.swift; path = SceneDelegate.swift; sourceTree = "<group>"; };
		8EB08C64249A8BA500CF0FE3 /* Preview Assets.xcassets */ = {isa = PBXFileReference; lastKnownFileType = folder.assetcatalog; path = "Preview Assets.xcassets"; sourceTree = "<group>"; };
		8EB08C66249A8BA500CF0FE3 /* Assets.xcassets */ = {isa = PBXFileReference; lastKnownFileType = folder.assetcatalog; path = Assets.xcassets; sourceTree = "<group>"; };
/* End PBXFileReference section */

/* Begin PBXFrameworksBuildPhase section */
		8EB08C12249A8AD900CF0FE3 /* Frameworks */ = {
			isa = PBXFrameworksBuildPhase;
			buildActionMask = 2147483647;
			files = (
				8E4F9260249AFCDF00959360 /* Sentry in Frameworks */,
			);
			runOnlyForDeploymentPostprocessing = 0;
		};
		8EB08C28249A8ADB00CF0FE3 /* Frameworks */ = {
			isa = PBXFrameworksBuildPhase;
			buildActionMask = 2147483647;
			files = (
			);
			runOnlyForDeploymentPostprocessing = 0;
		};
		8EB08C33249A8ADB00CF0FE3 /* Frameworks */ = {
			isa = PBXFrameworksBuildPhase;
			buildActionMask = 2147483647;
			files = (
			);
			runOnlyForDeploymentPostprocessing = 0;
		};
/* End PBXFrameworksBuildPhase section */

/* Begin PBXGroup section */
		8EB08C0C249A8AD900CF0FE3 = {
			isa = PBXGroup;
			children = (
				8EB08C17249A8AD900CF0FE3 /* TaskList */,
				8EB08C2E249A8ADB00CF0FE3 /* TaskListTests */,
				8EB08C39249A8ADB00CF0FE3 /* TaskListUITests */,
				8EB08C16249A8AD900CF0FE3 /* Products */,
			);
			sourceTree = "<group>";
		};
		8EB08C16249A8AD900CF0FE3 /* Products */ = {
			isa = PBXGroup;
			children = (
				8EB08C15249A8AD900CF0FE3 /* TaskList.app */,
				8EB08C2B249A8ADB00CF0FE3 /* TaskListTests.xctest */,
				8EB08C36249A8ADB00CF0FE3 /* TaskListUITests.xctest */,
			);
			name = Products;
			sourceTree = "<group>";
		};
		8EB08C17249A8AD900CF0FE3 /* TaskList */ = {
			isa = PBXGroup;
			children = (
				8EB08C48249A8BA500CF0FE3 /* AppDelegate.swift */,
				8EB08C66249A8BA500CF0FE3 /* Assets.xcassets */,
				8EB08C49249A8BA500CF0FE3 /* Base.lproj */,
				8EB08C58249A8BA500CF0FE3 /* extension */,
				8EB08C57249A8BA500CF0FE3 /* Info.plist */,
				8EB08C52249A8BA500CF0FE3 /* Models */,
				8EB08C63249A8BA500CF0FE3 /* Preview Content */,
				8EB08C5C249A8BA500CF0FE3 /* Resources */,
				8EB08C62249A8BA500CF0FE3 /* SceneDelegate.swift */,
				8EB08C4C249A8BA500CF0FE3 /* Views */,
			);
			path = TaskList;
			sourceTree = "<group>";
		};
		8EB08C2E249A8ADB00CF0FE3 /* TaskListTests */ = {
			isa = PBXGroup;
			children = (
				8EB08C2F249A8ADB00CF0FE3 /* TaskListTests.swift */,
				8EB08C31249A8ADB00CF0FE3 /* Info.plist */,
			);
			path = TaskListTests;
			sourceTree = "<group>";
		};
		8EB08C39249A8ADB00CF0FE3 /* TaskListUITests */ = {
			isa = PBXGroup;
			children = (
				8EB08C3A249A8ADB00CF0FE3 /* TaskListUITests.swift */,
				8EB08C3C249A8ADB00CF0FE3 /* Info.plist */,
			);
			path = TaskListUITests;
			sourceTree = "<group>";
		};
		8EB08C49249A8BA500CF0FE3 /* Base.lproj */ = {
			isa = PBXGroup;
			children = (
				8EB08C4A249A8BA500CF0FE3 /* LaunchScreen.storyboard */,
			);
			path = Base.lproj;
			sourceTree = "<group>";
		};
		8EB08C4C249A8BA500CF0FE3 /* Views */ = {
			isa = PBXGroup;
			children = (
				8EB08C4D249A8BA500CF0FE3 /* SectionView.swift */,
				8EB08C4E249A8BA500CF0FE3 /* TaskEditingView.swift */,
				8EB08C4F249A8BA500CF0FE3 /* RowView.swift */,
				8EB08C50249A8BA500CF0FE3 /* NewTaskView.swift */,
				8EB08C51249A8BA500CF0FE3 /* ContentView.swift */,
			);
			path = Views;
			sourceTree = "<group>";
		};
		8EB08C52249A8BA500CF0FE3 /* Models */ = {
			isa = PBXGroup;
			children = (
				8EB08C53249A8BA500CF0FE3 /* TaskStore.PrioritizedTasks.swift */,
				8EB08C54249A8BA500CF0FE3 /* Task.swift */,
				8EB08C55249A8BA500CF0FE3 /* TaskStore.swift */,
				8EB08C56249A8BA500CF0FE3 /* Task.Priority.swift */,
			);
			path = Models;
			sourceTree = "<group>";
		};
		8EB08C58249A8BA500CF0FE3 /* extension */ = {
			isa = PBXGroup;
			children = (
				8EB08C59249A8BA500CF0FE3 /* IndexedCollection.swift */,
				8EB08C5A249A8BA500CF0FE3 /* Binding.swift */,
				8EB08C5B249A8BA500CF0FE3 /* ForEach.swift */,
				8E4F9261249B057C00959360 /* FileManager.swift */,
			);
			path = extension;
			sourceTree = "<group>";
		};
		8EB08C5C249A8BA500CF0FE3 /* Resources */ = {
			isa = PBXGroup;
			children = (
				8EB08C5D249A8BA500CF0FE3 /* PrioritizedTask.json */,
				8EB08C5E249A8BA500CF0FE3 /* PrioritizedTasks.json */,
				8EB08C5F249A8BA500CF0FE3 /* Task.json */,
				8EB08C61249A8BA500CF0FE3 /* Tasks.json */,
			);
			path = Resources;
			sourceTree = "<group>";
		};
		8EB08C63249A8BA500CF0FE3 /* Preview Content */ = {
			isa = PBXGroup;
			children = (
				8EB08C64249A8BA500CF0FE3 /* Preview Assets.xcassets */,
			);
			path = "Preview Content";
			sourceTree = "<group>";
		};
/* End PBXGroup section */

/* Begin PBXNativeTarget section */
		8EB08C14249A8AD900CF0FE3 /* TaskList */ = {
			isa = PBXNativeTarget;
			buildConfigurationList = 8EB08C3F249A8ADB00CF0FE3 /* Build configuration list for PBXNativeTarget "TaskList" */;
			buildPhases = (
				8EB08C11249A8AD900CF0FE3 /* Sources */,
				8EB08C12249A8AD900CF0FE3 /* Frameworks */,
				8EB08C13249A8AD900CF0FE3 /* Resources */,
			);
			buildRules = (
			);
			dependencies = (
			);
			name = TaskList;
			packageProductDependencies = (
				8E4F925F249AFCDF00959360 /* Sentry */,
			);
			productName = TaskList;
			productReference = 8EB08C15249A8AD900CF0FE3 /* TaskList.app */;
			productType = "com.apple.product-type.application";
		};
		8EB08C2A249A8ADB00CF0FE3 /* TaskListTests */ = {
			isa = PBXNativeTarget;
			buildConfigurationList = 8EB08C42249A8ADB00CF0FE3 /* Build configuration list for PBXNativeTarget "TaskListTests" */;
			buildPhases = (
				8EB08C27249A8ADB00CF0FE3 /* Sources */,
				8EB08C28249A8ADB00CF0FE3 /* Frameworks */,
				8EB08C29249A8ADB00CF0FE3 /* Resources */,
			);
			buildRules = (
			);
			dependencies = (
				8EB08C2D249A8ADB00CF0FE3 /* PBXTargetDependency */,
			);
			name = TaskListTests;
			productName = TaskListTests;
			productReference = 8EB08C2B249A8ADB00CF0FE3 /* TaskListTests.xctest */;
			productType = "com.apple.product-type.bundle.unit-test";
		};
		8EB08C35249A8ADB00CF0FE3 /* TaskListUITests */ = {
			isa = PBXNativeTarget;
			buildConfigurationList = 8EB08C45249A8ADB00CF0FE3 /* Build configuration list for PBXNativeTarget "TaskListUITests" */;
			buildPhases = (
				8EB08C32249A8ADB00CF0FE3 /* Sources */,
				8EB08C33249A8ADB00CF0FE3 /* Frameworks */,
				8EB08C34249A8ADB00CF0FE3 /* Resources */,
			);
			buildRules = (
			);
			dependencies = (
				8EB08C38249A8ADB00CF0FE3 /* PBXTargetDependency */,
			);
			name = TaskListUITests;
			productName = TaskListUITests;
			productReference = 8EB08C36249A8ADB00CF0FE3 /* TaskListUITests.xctest */;
			productType = "com.apple.product-type.bundle.ui-testing";
		};
/* End PBXNativeTarget section */

/* Begin PBXProject section */
		8EB08C0D249A8AD900CF0FE3 /* Project object */ = {
			isa = PBXProject;
			attributes = {
				LastSwiftUpdateCheck = 1140;
				LastUpgradeCheck = 1140;
				ORGANIZATIONNAME = "Abdalla Elnajjar";
				TargetAttributes = {
					8EB08C14249A8AD900CF0FE3 = {
						CreatedOnToolsVersion = 11.4.1;
						LastSwiftMigration = 1140;
					};
					8EB08C2A249A8ADB00CF0FE3 = {
						CreatedOnToolsVersion = 11.4.1;
						TestTargetID = 8EB08C14249A8AD900CF0FE3;
					};
					8EB08C35249A8ADB00CF0FE3 = {
						CreatedOnToolsVersion = 11.4.1;
						TestTargetID = 8EB08C14249A8AD900CF0FE3;
					};
				};
			};
			buildConfigurationList = 8EB08C10249A8AD900CF0FE3 /* Build configuration list for PBXProject "TaskList" */;
			compatibilityVersion = "Xcode 11.4";
			developmentRegion = en;
			hasScannedForEncodings = 0;
			knownRegions = (
				en,
				Base,
			);
			mainGroup = 8EB08C0C249A8AD900CF0FE3;
			packageReferences = (
				8E4F925E249AFCDF00959360 /* XCRemoteSwiftPackageReference "sentry-cocoa" */,
			);
			productRefGroup = 8EB08C16249A8AD900CF0FE3 /* Products */;
			projectDirPath = "";
			projectRoot = "";
			targets = (
				8EB08C14249A8AD900CF0FE3 /* TaskList */,
				8EB08C2A249A8ADB00CF0FE3 /* TaskListTests */,
				8EB08C35249A8ADB00CF0FE3 /* TaskListUITests */,
			);
		};
/* End PBXProject section */

/* Begin PBXResourcesBuildPhase section */
		8EB08C13249A8AD900CF0FE3 /* Resources */ = {
			isa = PBXResourcesBuildPhase;
			buildActionMask = 2147483647;
			files = (
				8EB08C7C249A8BA500CF0FE3 /* Preview Assets.xcassets in Resources */,
				8EB08C77249A8BA500CF0FE3 /* PrioritizedTasks.json in Resources */,
				8EB08C68249A8BA500CF0FE3 /* LaunchScreen.storyboard in Resources */,
				8EB08C76249A8BA500CF0FE3 /* PrioritizedTask.json in Resources */,
				8EB08C7A249A8BA500CF0FE3 /* Tasks.json in Resources */,
				8EB08C7E249A8BA500CF0FE3 /* Assets.xcassets in Resources */,
				8EB08C78249A8BA500CF0FE3 /* Task.json in Resources */,
			);
			runOnlyForDeploymentPostprocessing = 0;
		};
		8EB08C29249A8ADB00CF0FE3 /* Resources */ = {
			isa = PBXResourcesBuildPhase;
			buildActionMask = 2147483647;
			files = (
			);
			runOnlyForDeploymentPostprocessing = 0;
		};
		8EB08C34249A8ADB00CF0FE3 /* Resources */ = {
			isa = PBXResourcesBuildPhase;
			buildActionMask = 2147483647;
			files = (
			);
			runOnlyForDeploymentPostprocessing = 0;
		};
/* End PBXResourcesBuildPhase section */

/* Begin PBXSourcesBuildPhase section */
		8EB08C11249A8AD900CF0FE3 /* Sources */ = {
			isa = PBXSourcesBuildPhase;
			buildActionMask = 2147483647;
			files = (
				8E4F9262249B057C00959360 /* FileManager.swift in Sources */,
				8EB08C75249A8BA500CF0FE3 /* ForEach.swift in Sources */,
				8EB08C7B249A8BA500CF0FE3 /* SceneDelegate.swift in Sources */,
				8EB08C6F249A8BA500CF0FE3 /* Task.swift in Sources */,
				8EB08C69249A8BA500CF0FE3 /* SectionView.swift in Sources */,
				8EB08C70249A8BA500CF0FE3 /* TaskStore.swift in Sources */,
				8EB08C6C249A8BA500CF0FE3 /* NewTaskView.swift in Sources */,
				8EB08C6D249A8BA500CF0FE3 /* ContentView.swift in Sources */,
				8EB08C73249A8BA500CF0FE3 /* IndexedCollection.swift in Sources */,
				8EB08C67249A8BA500CF0FE3 /* AppDelegate.swift in Sources */,
				8EB08C74249A8BA500CF0FE3 /* Binding.swift in Sources */,
				8EB08C6E249A8BA500CF0FE3 /* TaskStore.PrioritizedTasks.swift in Sources */,
				8EB08C6A249A8BA500CF0FE3 /* TaskEditingView.swift in Sources */,
				8EB08C6B249A8BA500CF0FE3 /* RowView.swift in Sources */,
				8EB08C71249A8BA500CF0FE3 /* Task.Priority.swift in Sources */,
			);
			runOnlyForDeploymentPostprocessing = 0;
		};
		8EB08C27249A8ADB00CF0FE3 /* Sources */ = {
			isa = PBXSourcesBuildPhase;
			buildActionMask = 2147483647;
			files = (
				8EB08C30249A8ADB00CF0FE3 /* TaskListTests.swift in Sources */,
			);
			runOnlyForDeploymentPostprocessing = 0;
		};
		8EB08C32249A8ADB00CF0FE3 /* Sources */ = {
			isa = PBXSourcesBuildPhase;
			buildActionMask = 2147483647;
			files = (
				8EB08C3B249A8ADB00CF0FE3 /* TaskListUITests.swift in Sources */,
			);
			runOnlyForDeploymentPostprocessing = 0;
		};
/* End PBXSourcesBuildPhase section */

/* Begin PBXTargetDependency section */
		8EB08C2D249A8ADB00CF0FE3 /* PBXTargetDependency */ = {
			isa = PBXTargetDependency;
			target = 8EB08C14249A8AD900CF0FE3 /* TaskList */;
			targetProxy = 8EB08C2C249A8ADB00CF0FE3 /* PBXContainerItemProxy */;
		};
		8EB08C38249A8ADB00CF0FE3 /* PBXTargetDependency */ = {
			isa = PBXTargetDependency;
			target = 8EB08C14249A8AD900CF0FE3 /* TaskList */;
			targetProxy = 8EB08C37249A8ADB00CF0FE3 /* PBXContainerItemProxy */;
		};
/* End PBXTargetDependency section */

/* Begin PBXVariantGroup section */
		8EB08C4A249A8BA500CF0FE3 /* LaunchScreen.storyboard */ = {
			isa = PBXVariantGroup;
			children = (
				8EB08C4B249A8BA500CF0FE3 /* Base */,
			);
			name = LaunchScreen.storyboard;
			sourceTree = "<group>";
		};
/* End PBXVariantGroup section */

/* Begin XCBuildConfiguration section */
		8EB08C3D249A8ADB00CF0FE3 /* Debug */ = {
			isa = XCBuildConfiguration;
			buildSettings = {
				ALWAYS_SEARCH_USER_PATHS = NO;
				CLANG_ANALYZER_NONNULL = YES;
				CLANG_ANALYZER_NUMBER_OBJECT_CONVERSION = YES_AGGRESSIVE;
				CLANG_CXX_LANGUAGE_STANDARD = "gnu++14";
				CLANG_CXX_LIBRARY = "libc++";
				CLANG_ENABLE_MODULES = YES;
				CLANG_ENABLE_OBJC_ARC = YES;
				CLANG_ENABLE_OBJC_WEAK = YES;
				CLANG_WARN_BLOCK_CAPTURE_AUTORELEASING = YES;
				CLANG_WARN_BOOL_CONVERSION = YES;
				CLANG_WARN_COMMA = YES;
				CLANG_WARN_CONSTANT_CONVERSION = YES;
				CLANG_WARN_DEPRECATED_OBJC_IMPLEMENTATIONS = YES;
				CLANG_WARN_DIRECT_OBJC_ISA_USAGE = YES_ERROR;
				CLANG_WARN_DOCUMENTATION_COMMENTS = YES;
				CLANG_WARN_EMPTY_BODY = YES;
				CLANG_WARN_ENUM_CONVERSION = YES;
				CLANG_WARN_INFINITE_RECURSION = YES;
				CLANG_WARN_INT_CONVERSION = YES;
				CLANG_WARN_NON_LITERAL_NULL_CONVERSION = YES;
				CLANG_WARN_OBJC_IMPLICIT_RETAIN_SELF = YES;
				CLANG_WARN_OBJC_LITERAL_CONVERSION = YES;
				CLANG_WARN_OBJC_ROOT_CLASS = YES_ERROR;
				CLANG_WARN_RANGE_LOOP_ANALYSIS = YES;
				CLANG_WARN_STRICT_PROTOTYPES = YES;
				CLANG_WARN_SUSPICIOUS_MOVE = YES;
				CLANG_WARN_UNGUARDED_AVAILABILITY = YES_AGGRESSIVE;
				CLANG_WARN_UNREACHABLE_CODE = YES;
				CLANG_WARN__DUPLICATE_METHOD_MATCH = YES;
				COPY_PHASE_STRIP = NO;
				DEBUG_INFORMATION_FORMAT = dwarf;
				ENABLE_STRICT_OBJC_MSGSEND = YES;
				ENABLE_TESTABILITY = YES;
				GCC_C_LANGUAGE_STANDARD = gnu11;
				GCC_DYNAMIC_NO_PIC = NO;
				GCC_NO_COMMON_BLOCKS = YES;
				GCC_OPTIMIZATION_LEVEL = 0;
				GCC_PREPROCESSOR_DEFINITIONS = (
					"DEBUG=1",
					"$(inherited)",
				);
				GCC_WARN_64_TO_32_BIT_CONVERSION = YES;
				GCC_WARN_ABOUT_RETURN_TYPE = YES_ERROR;
				GCC_WARN_UNDECLARED_SELECTOR = YES;
				GCC_WARN_UNINITIALIZED_AUTOS = YES_AGGRESSIVE;
				GCC_WARN_UNUSED_FUNCTION = YES;
				GCC_WARN_UNUSED_VARIABLE = YES;
				IPHONEOS_DEPLOYMENT_TARGET = 13.4;
				MTL_ENABLE_DEBUG_INFO = INCLUDE_SOURCE;
				MTL_FAST_MATH = YES;
				ONLY_ACTIVE_ARCH = YES;
				SDKROOT = iphoneos;
				SWIFT_ACTIVE_COMPILATION_CONDITIONS = DEBUG;
				SWIFT_OPTIMIZATION_LEVEL = "-Onone";
			};
			name = Debug;
		};
		8EB08C3E249A8ADB00CF0FE3 /* Release */ = {
			isa = XCBuildConfiguration;
			buildSettings = {
				ALWAYS_SEARCH_USER_PATHS = NO;
				CLANG_ANALYZER_NONNULL = YES;
				CLANG_ANALYZER_NUMBER_OBJECT_CONVERSION = YES_AGGRESSIVE;
				CLANG_CXX_LANGUAGE_STANDARD = "gnu++14";
				CLANG_CXX_LIBRARY = "libc++";
				CLANG_ENABLE_MODULES = YES;
				CLANG_ENABLE_OBJC_ARC = YES;
				CLANG_ENABLE_OBJC_WEAK = YES;
				CLANG_WARN_BLOCK_CAPTURE_AUTORELEASING = YES;
				CLANG_WARN_BOOL_CONVERSION = YES;
				CLANG_WARN_COMMA = YES;
				CLANG_WARN_CONSTANT_CONVERSION = YES;
				CLANG_WARN_DEPRECATED_OBJC_IMPLEMENTATIONS = YES;
				CLANG_WARN_DIRECT_OBJC_ISA_USAGE = YES_ERROR;
				CLANG_WARN_DOCUMENTATION_COMMENTS = YES;
				CLANG_WARN_EMPTY_BODY = YES;
				CLANG_WARN_ENUM_CONVERSION = YES;
				CLANG_WARN_INFINITE_RECURSION = YES;
				CLANG_WARN_INT_CONVERSION = YES;
				CLANG_WARN_NON_LITERAL_NULL_CONVERSION = YES;
				CLANG_WARN_OBJC_IMPLICIT_RETAIN_SELF = YES;
				CLANG_WARN_OBJC_LITERAL_CONVERSION = YES;
				CLANG_WARN_OBJC_ROOT_CLASS = YES_ERROR;
				CLANG_WARN_RANGE_LOOP_ANALYSIS = YES;
				CLANG_WARN_STRICT_PROTOTYPES = YES;
				CLANG_WARN_SUSPICIOUS_MOVE = YES;
				CLANG_WARN_UNGUARDED_AVAILABILITY = YES_AGGRESSIVE;
				CLANG_WARN_UNREACHABLE_CODE = YES;
				CLANG_WARN__DUPLICATE_METHOD_MATCH = YES;
				COPY_PHASE_STRIP = NO;
				DEBUG_INFORMATION_FORMAT = "dwarf-with-dsym";
				ENABLE_NS_ASSERTIONS = NO;
				ENABLE_STRICT_OBJC_MSGSEND = YES;
				GCC_C_LANGUAGE_STANDARD = gnu11;
				GCC_NO_COMMON_BLOCKS = YES;
				GCC_WARN_64_TO_32_BIT_CONVERSION = YES;
				GCC_WARN_ABOUT_RETURN_TYPE = YES_ERROR;
				GCC_WARN_UNDECLARED_SELECTOR = YES;
				GCC_WARN_UNINITIALIZED_AUTOS = YES_AGGRESSIVE;
				GCC_WARN_UNUSED_FUNCTION = YES;
				GCC_WARN_UNUSED_VARIABLE = YES;
				IPHONEOS_DEPLOYMENT_TARGET = 13.4;
				MTL_ENABLE_DEBUG_INFO = NO;
				MTL_FAST_MATH = YES;
				SDKROOT = iphoneos;
				SWIFT_COMPILATION_MODE = wholemodule;
				SWIFT_OPTIMIZATION_LEVEL = "-O";
				VALIDATE_PRODUCT = YES;
			};
			name = Release;
		};
		8EB08C40249A8ADB00CF0FE3 /* Debug */ = {
			isa = XCBuildConfiguration;
			buildSettings = {
				ASSETCATALOG_COMPILER_APPICON_NAME = AppIcon;
				CLANG_ENABLE_MODULES = YES;
				CODE_SIGN_STYLE = Automatic;
				DEVELOPMENT_ASSET_PATHS = "\"TaskList/Preview Content\"";
				DEVELOPMENT_TEAM = J7YCHK8ZJ4;
				ENABLE_PREVIEWS = YES;
				INFOPLIST_FILE = TaskList/Info.plist;
				LD_RUNPATH_SEARCH_PATHS = (
					"$(inherited)",
					"@executable_path/Frameworks",
				);
				PRODUCT_BUNDLE_IDENTIFIER = com.astrolab.TaskList;
				PRODUCT_NAME = "$(TARGET_NAME)";
				SWIFT_OPTIMIZATION_LEVEL = "-Onone";
				SWIFT_VERSION = 5.0;
				TARGETED_DEVICE_FAMILY = "1,2";
			};
			name = Debug;
		};
		8EB08C41249A8ADB00CF0FE3 /* Release */ = {
			isa = XCBuildConfiguration;
			buildSettings = {
				ASSETCATALOG_COMPILER_APPICON_NAME = AppIcon;
				CLANG_ENABLE_MODULES = YES;
				CODE_SIGN_STYLE = Automatic;
				DEVELOPMENT_ASSET_PATHS = "\"TaskList/Preview Content\"";
				DEVELOPMENT_TEAM = J7YCHK8ZJ4;
				ENABLE_PREVIEWS = YES;
				INFOPLIST_FILE = TaskList/Info.plist;
				LD_RUNPATH_SEARCH_PATHS = (
					"$(inherited)",
					"@executable_path/Frameworks",
				);
				PRODUCT_BUNDLE_IDENTIFIER = com.astrolab.TaskList;
				PRODUCT_NAME = "$(TARGET_NAME)";
				SWIFT_VERSION = 5.0;
				TARGETED_DEVICE_FAMILY = "1,2";
			};
			name = Release;
		};
		8EB08C43249A8ADB00CF0FE3 /* Debug */ = {
			isa = XCBuildConfiguration;
			buildSettings = {
				ALWAYS_EMBED_SWIFT_STANDARD_LIBRARIES = YES;
				BUNDLE_LOADER = "$(TEST_HOST)";
				CODE_SIGN_STYLE = Automatic;
				DEVELOPMENT_TEAM = J7YCHK8ZJ4;
				INFOPLIST_FILE = TaskListTests/Info.plist;
				IPHONEOS_DEPLOYMENT_TARGET = 13.4;
				LD_RUNPATH_SEARCH_PATHS = (
					"$(inherited)",
					"@executable_path/Frameworks",
					"@loader_path/Frameworks",
				);
				PRODUCT_BUNDLE_IDENTIFIER = com.astrolab.TaskListTests;
				PRODUCT_NAME = "$(TARGET_NAME)";
				SWIFT_VERSION = 5.0;
				TARGETED_DEVICE_FAMILY = "1,2";
				TEST_HOST = "$(BUILT_PRODUCTS_DIR)/TaskList.app/TaskList";
			};
			name = Debug;
		};
		8EB08C44249A8ADB00CF0FE3 /* Release */ = {
			isa = XCBuildConfiguration;
			buildSettings = {
				ALWAYS_EMBED_SWIFT_STANDARD_LIBRARIES = YES;
				BUNDLE_LOADER = "$(TEST_HOST)";
				CODE_SIGN_STYLE = Automatic;
				DEVELOPMENT_TEAM = J7YCHK8ZJ4;
				INFOPLIST_FILE = TaskListTests/Info.plist;
				IPHONEOS_DEPLOYMENT_TARGET = 13.4;
				LD_RUNPATH_SEARCH_PATHS = (
					"$(inherited)",
					"@executable_path/Frameworks",
					"@loader_path/Frameworks",
				);
				PRODUCT_BUNDLE_IDENTIFIER = com.astrolab.TaskListTests;
				PRODUCT_NAME = "$(TARGET_NAME)";
				SWIFT_VERSION = 5.0;
				TARGETED_DEVICE_FAMILY = "1,2";
				TEST_HOST = "$(BUILT_PRODUCTS_DIR)/TaskList.app/TaskList";
			};
			name = Release;
		};
		8EB08C46249A8ADB00CF0FE3 /* Debug */ = {
			isa = XCBuildConfiguration;
			buildSettings = {
				ALWAYS_EMBED_SWIFT_STANDARD_LIBRARIES = YES;
				CODE_SIGN_STYLE = Automatic;
				DEVELOPMENT_TEAM = J7YCHK8ZJ4;
				INFOPLIST_FILE = TaskListUITests/Info.plist;
				LD_RUNPATH_SEARCH_PATHS = (
					"$(inherited)",
					"@executable_path/Frameworks",
					"@loader_path/Frameworks",
				);
				PRODUCT_BUNDLE_IDENTIFIER = com.astrolab.TaskListUITests;
				PRODUCT_NAME = "$(TARGET_NAME)";
				SWIFT_VERSION = 5.0;
				TARGETED_DEVICE_FAMILY = "1,2";
				TEST_TARGET_NAME = TaskList;
			};
			name = Debug;
		};
		8EB08C47249A8ADB00CF0FE3 /* Release */ = {
			isa = XCBuildConfiguration;
			buildSettings = {
				ALWAYS_EMBED_SWIFT_STANDARD_LIBRARIES = YES;
				CODE_SIGN_STYLE = Automatic;
				DEVELOPMENT_TEAM = J7YCHK8ZJ4;
				INFOPLIST_FILE = TaskListUITests/Info.plist;
				LD_RUNPATH_SEARCH_PATHS = (
					"$(inherited)",
					"@executable_path/Frameworks",
					"@loader_path/Frameworks",
				);
				PRODUCT_BUNDLE_IDENTIFIER = com.astrolab.TaskListUITests;
				PRODUCT_NAME = "$(TARGET_NAME)";
				SWIFT_VERSION = 5.0;
				TARGETED_DEVICE_FAMILY = "1,2";
				TEST_TARGET_NAME = TaskList;
			};
			name = Release;
		};
/* End XCBuildConfiguration section */

/* Begin XCConfigurationList section */
		8EB08C10249A8AD900CF0FE3 /* Build configuration list for PBXProject "TaskList" */ = {
			isa = XCConfigurationList;
			buildConfigurations = (
				8EB08C3D249A8ADB00CF0FE3 /* Debug */,
				8EB08C3E249A8ADB00CF0FE3 /* Release */,
			);
			defaultConfigurationIsVisible = 0;
			defaultConfigurationName = Release;
		};
		8EB08C3F249A8ADB00CF0FE3 /* Build configuration list for PBXNativeTarget "TaskList" */ = {
			isa = XCConfigurationList;
			buildConfigurations = (
				8EB08C40249A8ADB00CF0FE3 /* Debug */,
				8EB08C41249A8ADB00CF0FE3 /* Release */,
			);
			defaultConfigurationIsVisible = 0;
			defaultConfigurationName = Release;
		};
		8EB08C42249A8ADB00CF0FE3 /* Build configuration list for PBXNativeTarget "TaskListTests" */ = {
			isa = XCConfigurationList;
			buildConfigurations = (
				8EB08C43249A8ADB00CF0FE3 /* Debug */,
				8EB08C44249A8ADB00CF0FE3 /* Release */,
			);
			defaultConfigurationIsVisible = 0;
			defaultConfigurationName = Release;
		};
		8EB08C45249A8ADB00CF0FE3 /* Build configuration list for PBXNativeTarget "TaskListUITests" */ = {
			isa = XCConfigurationList;
			buildConfigurations = (
				8EB08C46249A8ADB00CF0FE3 /* Debug */,
				8EB08C47249A8ADB00CF0FE3 /* Release */,
			);
			defaultConfigurationIsVisible = 0;
			defaultConfigurationName = Release;
		};
/* End XCConfigurationList section */

/* Begin XCRemoteSwiftPackageReference section */
		8E4F925E249AFCDF00959360 /* XCRemoteSwiftPackageReference "sentry-cocoa" */ = {
			isa = XCRemoteSwiftPackageReference;
			repositoryURL = "https://github.com/getsentry/sentry-cocoa.git";
			requirement = {
				kind = upToNextMajorVersion;
				minimumVersion = 5.1.4;
			};
		};
/* End XCRemoteSwiftPackageReference section */

/* Begin XCSwiftPackageProductDependency section */
		8E4F925F249AFCDF00959360 /* Sentry */ = {
			isa = XCSwiftPackageProductDependency;
			package = 8E4F925E249AFCDF00959360 /* XCRemoteSwiftPackageReference "sentry-cocoa" */;
			productName = Sentry;
		};
/* End XCSwiftPackageProductDependency section */
	};
	rootObject = 8EB08C0D249A8AD900CF0FE3 /* Project object */;
}
